
Microsoft Visual Studio Solution File, Format Version 12.00
# Visual Studio Version 17
VisualStudioVersion = 17.0.32112.339
MinimumVisualStudioVersion = 10.0.40219.1
Project("{FAE04EC0-301F-11D3-BF4B-00C04F79EFBC}") = "Timer", "Timer.csproj", "{F184CBD8-9CFF-4E5D-A6EF-14359F26AB07}"
EndProject
Global
	GlobalSection(SolutionConfigurationPlatforms) = preSolution
		Debug|Any CPU = Debug|Any CPU
		Release|Any CPU = Release|Any CPU
	EndGlobalSection
	GlobalSection(ProjectConfigurationPlatforms) = postSolution
		{F184CBD8-9CFF-4E5D-A6EF-14359F26AB07}.Debug|Any CPU.ActiveCfg = Debug|Any CPU
		{F184CBD8-9CFF-4E5D-A6EF-14359F26AB07}.Debug|Any CPU.Build.0 = Debug|Any CPU
		{F184CBD8-9CFF-4E5D-A6EF-14359F26AB07}.Release|Any CPU.ActiveCfg = Release|Any CPU
		{F184CBD8-9CFF-4E5D-A6EF-14359F26AB07}.Release|Any CPU.Build.0 = Release|Any CPU
	EndGlobalSection
	GlobalSection(SolutionProperties) = preSolution
		HideSolutionNode = FALSE
	EndGlobalSection
	GlobalSection(ExtensibilityGlobals) = postSolution
		SolutionGuid = {170C664A-9308-48EF-8E9D-4A974D79F5E7}
	EndGlobalSection
EndGlobal
